
Microsoft Visual Studio Solution File, Format Version 12.00
# Visual Studio Version 17
VisualStudioVersion = 17.0.31903.59
MinimumVisualStudioVersion = 10.0.40219.1
Project("{2150E333-8FDC-42A3-9474-1A3956D46DE8}") = "src", "src", "{827E0CD3-B72D-47B6-A68D-7590B98EB39B}"
EndProject
Project("{FAE04EC0-301F-11D3-BF4B-00C04F79EFBC}") = "PaymentProcessingQueueApi.Api", "src\PaymentProcessingQueueApi.Api\PaymentProcessingQueueApi.Api.csproj", "{F97A154C-787B-4D67-AAC6-A3C34E204BD2}"
EndProject
Project("{FAE04EC0-301F-11D3-BF4B-00C04F79EFBC}") = "PaymentProcessingQueueApi.Application", "src\PaymentProcessingQueueApi.Application\PaymentProcessingQueueApi.Application.csproj", "{3F141BCD-75EF-4363-AD58-FFFC35B2E1D4}"
EndProject
Project("{FAE04EC0-301F-11D3-BF4B-00C04F79EFBC}") = "PaymentProcessingQueueApi.Domain", "src\PaymentProcessingQueueApi.Domain\PaymentProcessingQueueApi.Domain.csproj", "{C7D0A1EF-CFC8-4670-9C0C-BF1B08EBD684}"
EndProject
Project("{FAE04EC0-301F-11D3-BF4B-00C04F79EFBC}") = "PaymentProcessingQueueApi.Infrastructure", "src\PaymentProcessingQueueApi.Infrastructure\PaymentProcessingQueueApi.Infrastructure.csproj", "{AAB2EB0C-74CB-459C-9539-AD699199DBF4}"
EndProject
Project("{2150E333-8FDC-42A3-9474-1A3956D46DE8}") = "tests", "tests", "{0AB3BF05-4346-4AA6-1389-037BE0695223}"
EndProject
Project("{FAE04EC0-301F-11D3-BF4B-00C04F79EFBC}") = "PaymentProcessingQueueApi.UnitTests", "tests\PaymentProcessingQueueApi.UnitTests\PaymentProcessingQueueApi.UnitTests.csproj", "{66B23B96-6E80-4BCC-8570-BF784B6882A5}"
EndProject
Global
	GlobalSection(SolutionConfigurationPlatforms) = preSolution
		Debug|Any CPU = Debug|Any CPU
		Debug|x64 = Debug|x64
		Debug|x86 = Debug|x86
		Release|Any CPU = Release|Any CPU
		Release|x64 = Release|x64
		Release|x86 = Release|x86
	EndGlobalSection
	GlobalSection(ProjectConfigurationPlatforms) = postSolution
		{F97A154C-787B-4D67-AAC6-A3C34E204BD2}.Debug|Any CPU.ActiveCfg = Debug|Any CPU
		{F97A154C-787B-4D67-AAC6-A3C34E204BD2}.Debug|Any CPU.Build.0 = Debug|Any CPU
		{F97A154C-787B-4D67-AAC6-A3C34E204BD2}.Debug|x64.ActiveCfg = Debug|Any CPU
		{F97A154C-787B-4D67-AAC6-A3C34E204BD2}.Debug|x64.Build.0 = Debug|Any CPU
		{F97A154C-787B-4D67-AAC6-A3C34E204BD2}.Debug|x86.ActiveCfg = Debug|Any CPU
		{F97A154C-787B-4D67-AAC6-A3C34E204BD2}.Debug|x86.Build.0 = Debug|Any CPU
		{F97A154C-787B-4D67-AAC6-A3C34E204BD2}.Release|Any CPU.ActiveCfg = Release|Any CPU
		{F97A154C-787B-4D67-AAC6-A3C34E204BD2}.Release|Any CPU.Build.0 = Release|Any CPU
		{F97A154C-787B-4D67-AAC6-A3C34E204BD2}.Release|x64.ActiveCfg = Release|Any CPU
		{F97A154C-787B-4D67-AAC6-A3C34E204BD2}.Release|x64.Build.0 = Release|Any CPU
		{F97A154C-787B-4D67-AAC6-A3C34E204BD2}.Release|x86.ActiveCfg = Release|Any CPU
		{F97A154C-787B-4D67-AAC6-A3C34E204BD2}.Release|x86.Build.0 = Release|Any CPU
		{3F141BCD-75EF-4363-AD58-FFFC35B2E1D4}.Debug|Any CPU.ActiveCfg = Debug|Any CPU
		{3F141BCD-75EF-4363-AD58-FFFC35B2E1D4}.Debug|Any CPU.Build.0 = Debug|Any CPU
		{3F141BCD-75EF-4363-AD58-FFFC35B2E1D4}.Debug|x64.ActiveCfg = Debug|Any CPU
		{3F141BCD-75EF-4363-AD58-FFFC35B2E1D4}.Debug|x64.Build.0 = Debug|Any CPU
		{3F141BCD-75EF-4363-AD58-FFFC35B2E1D4}.Debug|x86.ActiveCfg = Debug|Any CPU
		{3F141BCD-75EF-4363-AD58-FFFC35B2E1D4}.Debug|x86.Build.0 = Debug|Any CPU
		{3F141BCD-75EF-4363-AD58-FFFC35B2E1D4}.Release|Any CPU.ActiveCfg = Release|Any CPU
		{3F141BCD-75EF-4363-AD58-FFFC35B2E1D4}.Release|Any CPU.Build.0 = Release|Any CPU
		{3F141BCD-75EF-4363-AD58-FFFC35B2E1D4}.Release|x64.ActiveCfg = Release|Any CPU
		{3F141BCD-75EF-4363-AD58-FFFC35B2E1D4}.Release|x64.Build.0 = Release|Any CPU
		{3F141BCD-75EF-4363-AD58-FFFC35B2E1D4}.Release|x86.ActiveCfg = Release|Any CPU
		{3F141BCD-75EF-4363-AD58-FFFC35B2E1D4}.Release|x86.Build.0 = Release|Any CPU
		{C7D0A1EF-CFC8-4670-9C0C-BF1B08EBD684}.Debug|Any CPU.ActiveCfg = Debug|Any CPU
		{C7D0A1EF-CFC8-4670-9C0C-BF1B08EBD684}.Debug|Any CPU.Build.0 = Debug|Any CPU
		{C7D0A1EF-CFC8-4670-9C0C-BF1B08EBD684}.Debug|x64.ActiveCfg = Debug|Any CPU
		{C7D0A1EF-CFC8-4670-9C0C-BF1B08EBD684}.Debug|x64.Build.0 = Debug|Any CPU
		{C7D0A1EF-CFC8-4670-9C0C-BF1B08EBD684}.Debug|x86.ActiveCfg = Debug|Any CPU
		{C7D0A1EF-CFC8-4670-9C0C-BF1B08EBD684}.Debug|x86.Build.0 = Debug|Any CPU
		{C7D0A1EF-CFC8-4670-9C0C-BF1B08EBD684}.Release|Any CPU.ActiveCfg = Release|Any CPU
		{C7D0A1EF-CFC8-4670-9C0C-BF1B08EBD684}.Release|Any CPU.Build.0 = Release|Any CPU
		{C7D0A1EF-CFC8-4670-9C0C-BF1B08EBD684}.Release|x64.ActiveCfg = Release|Any CPU
		{C7D0A1EF-CFC8-4670-9C0C-BF1B08EBD684}.Release|x64.Build.0 = Release|Any CPU
		{C7D0A1EF-CFC8-4670-9C0C-BF1B08EBD684}.Release|x86.ActiveCfg = Release|Any CPU
		{C7D0A1EF-CFC8-4670-9C0C-BF1B08EBD684}.Release|x86.Build.0 = Release|Any CPU
		{AAB2EB0C-74CB-459C-9539-AD699199DBF4}.Debug|Any CPU.ActiveCfg = Debug|Any CPU
		{AAB2EB0C-74CB-459C-9539-AD699199DBF4}.Debug|Any CPU.Build.0 = Debug|Any CPU
		{AAB2EB0C-74CB-459C-9539-AD699199DBF4}.Debug|x64.ActiveCfg = Debug|Any CPU
		{AAB2EB0C-74CB-459C-9539-AD699199DBF4}.Debug|x64.Build.0 = Debug|Any CPU
		{AAB2EB0C-74CB-459C-9539-AD699199DBF4}.Debug|x86.ActiveCfg = Debug|Any CPU
		{AAB2EB0C-74CB-459C-9539-AD699199DBF4}.Debug|x86.Build.0 = Debug|Any CPU
		{AAB2EB0C-74CB-459C-9539-AD699199DBF4}.Release|Any CPU.ActiveCfg = Release|Any CPU
		{AAB2EB0C-74CB-459C-9539-AD699199DBF4}.Release|Any CPU.Build.0 = Release|Any CPU
		{AAB2EB0C-74CB-459C-9539-AD699199DBF4}.Release|x64.ActiveCfg = Release|Any CPU
		{AAB2EB0C-74CB-459C-9539-AD699199DBF4}.Release|x64.Build.0 = Release|Any CPU
		{AAB2EB0C-74CB-459C-9539-AD699199DBF4}.Release|x86.ActiveCfg = Release|Any CPU
		{AAB2EB0C-74CB-459C-9539-AD699199DBF4}.Release|x86.Build.0 = Release|Any CPU
		{66B23B96-6E80-4BCC-8570-BF784B6882A5}.Debug|Any CPU.ActiveCfg = Debug|Any CPU
		{66B23B96-6E80-4BCC-8570-BF784B6882A5}.Debug|Any CPU.Build.0 = Debug|Any CPU
		{66B23B96-6E80-4BCC-8570-BF784B6882A5}.Debug|x64.ActiveCfg = Debug|Any CPU
		{66B23B96-6E80-4BCC-8570-BF784B6882A5}.Debug|x64.Build.0 = Debug|Any CPU
		{66B23B96-6E80-4BCC-8570-BF784B6882A5}.Debug|x86.ActiveCfg = Debug|Any CPU
		{66B23B96-6E80-4BCC-8570-BF784B6882A5}.Debug|x86.Build.0 = Debug|Any CPU
		{66B23B96-6E80-4BCC-8570-BF784B6882A5}.Release|Any CPU.ActiveCfg = Release|Any CPU
		{66B23B96-6E80-4BCC-8570-BF784B6882A5}.Release|Any CPU.Build.0 = Release|Any CPU
		{66B23B96-6E80-4BCC-8570-BF784B6882A5}.Release|x64.ActiveCfg = Release|Any CPU
		{66B23B96-6E80-4BCC-8570-BF784B6882A5}.Release|x64.Build.0 = Release|Any CPU
		{66B23B96-6E80-4BCC-8570-BF784B6882A5}.Release|x86.ActiveCfg = Release|Any CPU
		{66B23B96-6E80-4BCC-8570-BF784B6882A5}.Release|x86.Build.0 = Release|Any CPU
	EndGlobalSection
	GlobalSection(SolutionProperties) = preSolution
		HideSolutionNode = FALSE
	EndGlobalSection
	GlobalSection(NestedProjects) = preSolution
		{F97A154C-787B-4D67-AAC6-A3C34E204BD2} = {827E0CD3-B72D-47B6-A68D-7590B98EB39B}
		{3F141BCD-75EF-4363-AD58-FFFC35B2E1D4} = {827E0CD3-B72D-47B6-A68D-7590B98EB39B}
		{C7D0A1EF-CFC8-4670-9C0C-BF1B08EBD684} = {827E0CD3-B72D-47B6-A68D-7590B98EB39B}
		{AAB2EB0C-74CB-459C-9539-AD699199DBF4} = {827E0CD3-B72D-47B6-A68D-7590B98EB39B}
		{66B23B96-6E80-4BCC-8570-BF784B6882A5} = {0AB3BF05-4346-4AA6-1389-037BE0695223}
	EndGlobalSection
EndGlobal
